Microsoft Visual Studio Solution File, Format Version 12.00
# Visual Studio Version 17
VisualStudioVersion = 17.0.31903.59
MinimumVisualStudioVersion = 10.0.40219.1
Project("{FAE04EC0-301F-11D3-BF4B-00C04F79EFBC}") = "screenCap", "screenCap.csproj", "{GUID-TO-BE-GENERATED-BY-VISUAL-STUDIO}"
EndProject
Global
	GlobalSection(SolutionConfigurationPlatforms) = preSolution
		Debug|Any CPU = Debug|Any CPU
		Release|Any CPU = Release|Any CPU
	EndGlobalSection
	GlobalSection(ProjectConfigurationPlatforms) = postSolution
		{GUID-TO-BE-GENERATED-BY-VISUAL-STUDIO}.Debug|Any CPU.ActiveCfg = Debug|Any CPU
		{GUID-TO-BE-GENERATED-BY-VISUAL-STUDIO}.Debug|Any CPU.Build.0 = Debug|Any CPU
		{GUID-TO-BE-GENERATED-BY-VISUAL-STUDIO}.Release|Any CPU.ActiveCfg = Release|Any CPU
		{GUID-TO-BE-GENERATED-BY-VISUAL-STUDIO}.Release|Any CPU.Build.0 = Release|Any CPU
	EndGlobalSection
	GlobalSection(SolutionProperties) = preSolution
		HideSolutionNode = FALSE
	EndGlobalSection
	GlobalSection(ExtensibilityGlobals) = postSolution
		SolutionGuid = {NEW-SOLUTION-GUID-TO-BE-GENERATED}
	EndGlobalSection
EndGlobal
